
Microsoft Visual Studio Solution File, Format Version 12.00
# Visual Studio Version 17
VisualStudioVersion = 17.3.32819.101
MinimumVisualStudioVersion = 10.0.40219.1
Project("{2150E333-8FDC-42A3-9474-1A3956D46DE8}") = "Microservices", "Microservices", "{FAF3480F-5B0E-4053-BF59-B7C6408F779A}"
EndProject
Project("{9A19103F-16F7-4668-BE54-9A1E7A4F7556}") = "CustomerAPI", "CustomerAPI\CustomerAPI.csproj", "{1F103832-EC49-4CBF-A502-72CAA4E69990}"
EndProject
Project("{9A19103F-16F7-4668-BE54-9A1E7A4F7556}") = "ProductAPI", "ProductAPI\ProductAPI.csproj", "{C09349B7-FD84-4AEA-A31A-DB59C9066FE8}"
EndProject
Project("{9A19103F-16F7-4668-BE54-9A1E7A4F7556}") = "OcelotApiGateway", "OcelotApiGateway\OcelotApiGateway.csproj", "{20DC4D07-C6AE-4626-805E-497DBEBA65E6}"
EndProject
Project("{9A19103F-16F7-4668-BE54-9A1E7A4F7556}") = "AuthAPI", "AuthAPI\AuthAPI.csproj", "{EEFEDDE8-DCE4-4FAA-BD18-65CB0CA9A920}"
EndProject
Project("{9A19103F-16F7-4668-BE54-9A1E7A4F7556}") = "DemoUI", "DemoUI\DemoUI.csproj", "{A348890A-C9DC-4929-8334-E5D1FC404751}"
EndProject
Project("{9A19103F-16F7-4668-BE54-9A1E7A4F7556}") = "Entities", "Entities\Entities.csproj", "{66D8A08F-2046-4DF3-BBF5-476AA164C42C}"
EndProject
Project("{9A19103F-16F7-4668-BE54-9A1E7A4F7556}") = "AuthServer", "AuthServer\AuthServer.csproj", "{B6FC960E-AFEA-4824-A841-40F0529E256C}"
EndProject
Global
	GlobalSection(SolutionConfigurationPlatforms) = preSolution
		Debug|Any CPU = Debug|Any CPU
		Release|Any CPU = Release|Any CPU
	EndGlobalSection
	GlobalSection(ProjectConfigurationPlatforms) = postSolution
		{1F103832-EC49-4CBF-A502-72CAA4E69990}.Debug|Any CPU.ActiveCfg = Debug|Any CPU
		{1F103832-EC49-4CBF-A502-72CAA4E69990}.Debug|Any CPU.Build.0 = Debug|Any CPU
		{1F103832-EC49-4CBF-A502-72CAA4E69990}.Release|Any CPU.ActiveCfg = Release|Any CPU
		{1F103832-EC49-4CBF-A502-72CAA4E69990}.Release|Any CPU.Build.0 = Release|Any CPU
		{C09349B7-FD84-4AEA-A31A-DB59C9066FE8}.Debug|Any CPU.ActiveCfg = Debug|Any CPU
		{C09349B7-FD84-4AEA-A31A-DB59C9066FE8}.Debug|Any CPU.Build.0 = Debug|Any CPU
		{C09349B7-FD84-4AEA-A31A-DB59C9066FE8}.Release|Any CPU.ActiveCfg = Release|Any CPU
		{C09349B7-FD84-4AEA-A31A-DB59C9066FE8}.Release|Any CPU.Build.0 = Release|Any CPU
		{20DC4D07-C6AE-4626-805E-497DBEBA65E6}.Debug|Any CPU.ActiveCfg = Debug|Any CPU
		{20DC4D07-C6AE-4626-805E-497DBEBA65E6}.Debug|Any CPU.Build.0 = Debug|Any CPU
		{20DC4D07-C6AE-4626-805E-497DBEBA65E6}.Release|Any CPU.ActiveCfg = Release|Any CPU
		{20DC4D07-C6AE-4626-805E-497DBEBA65E6}.Release|Any CPU.Build.0 = Release|Any CPU
		{EEFEDDE8-DCE4-4FAA-BD18-65CB0CA9A920}.Debug|Any CPU.ActiveCfg = Debug|Any CPU
		{EEFEDDE8-DCE4-4FAA-BD18-65CB0CA9A920}.Debug|Any CPU.Build.0 = Debug|Any CPU
		{EEFEDDE8-DCE4-4FAA-BD18-65CB0CA9A920}.Release|Any CPU.ActiveCfg = Release|Any CPU
		{EEFEDDE8-DCE4-4FAA-BD18-65CB0CA9A920}.Release|Any CPU.Build.0 = Release|Any CPU
		{A348890A-C9DC-4929-8334-E5D1FC404751}.Debug|Any CPU.ActiveCfg = Debug|Any CPU
		{A348890A-C9DC-4929-8334-E5D1FC404751}.Debug|Any CPU.Build.0 = Debug|Any CPU
		{A348890A-C9DC-4929-8334-E5D1FC404751}.Release|Any CPU.ActiveCfg = Release|Any CPU
		{A348890A-C9DC-4929-8334-E5D1FC404751}.Release|Any CPU.Build.0 = Release|Any CPU
		{66D8A08F-2046-4DF3-BBF5-476AA164C42C}.Debug|Any CPU.ActiveCfg = Debug|Any CPU
		{66D8A08F-2046-4DF3-BBF5-476AA164C42C}.Debug|Any CPU.Build.0 = Debug|Any CPU
		{66D8A08F-2046-4DF3-BBF5-476AA164C42C}.Release|Any CPU.ActiveCfg = Release|Any CPU
		{66D8A08F-2046-4DF3-BBF5-476AA164C42C}.Release|Any CPU.Build.0 = Release|Any CPU
		{B6FC960E-AFEA-4824-A841-40F0529E256C}.Debug|Any CPU.ActiveCfg = Debug|Any CPU
		{B6FC960E-AFEA-4824-A841-40F0529E256C}.Debug|Any CPU.Build.0 = Debug|Any CPU
		{B6FC960E-AFEA-4824-A841-40F0529E256C}.Release|Any CPU.ActiveCfg = Release|Any CPU
		{B6FC960E-AFEA-4824-A841-40F0529E256C}.Release|Any CPU.Build.0 = Release|Any CPU
	EndGlobalSection
	GlobalSection(SolutionProperties) = preSolution
		HideSolutionNode = FALSE
	EndGlobalSection
	GlobalSection(NestedProjects) = preSolution
		{1F103832-EC49-4CBF-A502-72CAA4E69990} = {FAF3480F-5B0E-4053-BF59-B7C6408F779A}
		{C09349B7-FD84-4AEA-A31A-DB59C9066FE8} = {FAF3480F-5B0E-4053-BF59-B7C6408F779A}
		{EEFEDDE8-DCE4-4FAA-BD18-65CB0CA9A920} = {FAF3480F-5B0E-4053-BF59-B7C6408F779A}
	EndGlobalSection
	GlobalSection(ExtensibilityGlobals) = postSolution
		SolutionGuid = {1856C941-2E81-48EC-8D5B-4DDC567AFA87}
	EndGlobalSection
EndGlobal
